
Microsoft Visual Studio Solution File, Format Version 12.00
# Visual Studio 15
VisualStudioVersion = 15.0.28307.136
MinimumVisualStudioVersion = 10.0.40219.1
Project("{FAE04EC0-301F-11D3-BF4B-00C04F79EFBC}") = "VehicleManagement", "VehicleManagement\VehicleManagement.csproj", "{5BF16115-548D-40D2-88AC-64EDCABA1CE2}"
EndProject
Global
	GlobalSection(SolutionConfigurationPlatforms) = preSolution
		Debug|Any CPU = Debug|Any CPU
		Release|Any CPU = Release|Any CPU
	EndGlobalSection
	GlobalSection(ProjectConfigurationPlatforms) = postSolution
		{5BF16115-548D-40D2-88AC-64EDCABA1CE2}.Debug|Any CPU.ActiveCfg = Debug|Any CPU
		{5BF16115-548D-40D2-88AC-64EDCABA1CE2}.Debug|Any CPU.Build.0 = Debug|Any CPU
		{5BF16115-548D-40D2-88AC-64EDCABA1CE2}.Release|Any CPU.ActiveCfg = Release|Any CPU
		{5BF16115-548D-40D2-88AC-64EDCABA1CE2}.Release|Any CPU.Build.0 = Release|Any CPU
	EndGlobalSection
	GlobalSection(SolutionProperties) = preSolution
		HideSolutionNode = FALSE
	EndGlobalSection
	GlobalSection(ExtensibilityGlobals) = postSolution
		SolutionGuid = {EE44CA72-1B69-4352-A85A-EC0382830F3F}
	EndGlobalSection
EndGlobal
